{
    "name": "nodejs",
    "version": "1.0.0",
    "lockfileVersion": 2,
    "requires": true,
    "packages": {
      "": {
        "name": "nodejs",
        "version": "1.0.0",
        "license": "ISC",
        "dependencies": {
          "replidentity": "^0.0.1",
          "socket.io-client": "^4.5.2"
        }
      },
      "node_modules/@socket.io/component-emitter": {
        "version": "3.1.0",
        "resolved": "https://registry.npmjs.org/@socket.io/component-emitter/-/component-emitter-3.1.0.tgz",
        "integrity": "sha512-+9jVqKhRSpsc591z5vX+X5Yyw+he/HCB4iQ/RYxw35CEPaY1gnsNE43nf9n9AaYjAQrTiI/mOwKUKdUs9vf7Xg=="
      },
      "node_modules/b4a": {
        "version": "1.6.0",
        "resolved": "https://registry.npmjs.org/b4a/-/b4a-1.6.0.tgz",
        "integrity": "sha512-fsTxXxj1081Yq5MOQ06gZ5+e2QcSyP2U6NofdOWyq+lrNI4IjkZ+fLVmoQ6uUCiNg1NWePMMVq93vOTdbJmErw=="
      },
      "node_modules/blake2b": {
        "version": "2.1.4",
        "resolved": "https://registry.npmjs.org/blake2b/-/blake2b-2.1.4.tgz",
        "integrity": "sha512-AyBuuJNI64gIvwx13qiICz6H6hpmjvYS5DGkG6jbXMOT8Z3WUJ3V1X0FlhIoT1b/5JtHE3ki+xjtMvu1nn+t9A==",
        "dependencies": {
          "blake2b-wasm": "^2.4.0",
          "nanoassert": "^2.0.0"
        }
      },
      "node_modules/blake2b-wasm": {
        "version": "2.4.0",
        "resolved": "https://registry.npmjs.org/blake2b-wasm/-/blake2b-wasm-2.4.0.tgz",
        "integrity": "sha512-S1kwmW2ZhZFFFOghcx73+ZajEfKBqhP82JMssxtLVMxlaPea1p9uoLiUZ5WYyHn0KddwbLc+0vh4wR0KBNoT5w==",
        "dependencies": {
          "b4a": "^1.0.1",
          "nanoassert": "^2.0.0"
        }
      },
      "node_modules/debug": {
        "version": "4.3.4",
        "resolved": "https://registry.npmjs.org/debug/-/debug-4.3.4.tgz",
        "integrity": "sha512-PRWFHuSU3eDtQJPvnNY7Jcket1j0t5OuOsFzPPzsekD52Zl8qUfFIPEiswXqIvHWGVHOgX+7G/vCNNhehwxfkQ==",
        "dependencies": {
          "ms": "2.1.2"
        },
        "engines": {
          "node": ">=6.0"
        },
        "peerDependenciesMeta": {
          "supports-color": {
            "optional": true
          }
        }
      },
      "node_modules/engine.io-client": {
        "version": "6.2.2",
        "resolved": "https://registry.npmjs.org/engine.io-client/-/engine.io-client-6.2.2.tgz",
        "integrity": "sha512-8ZQmx0LQGRTYkHuogVZuGSpDqYZtCM/nv8zQ68VZ+JkOpazJ7ICdsSpaO6iXwvaU30oFg5QJOJWj8zWqhbKjkQ==",
        "dependencies": {
          "@socket.io/component-emitter": "~3.1.0",
          "debug": "~4.3.1",
          "engine.io-parser": "~5.0.3",
          "ws": "~8.2.3",
          "xmlhttprequest-ssl": "~2.0.0"
        }
      },
      "node_modules/engine.io-client/node_modules/ws": {
        "version": "8.2.3",
        "resolved": "https://registry.npmjs.org/ws/-/ws-8.2.3.tgz",
        "integrity": "sha512-wBuoj1BDpC6ZQ1B7DWQBYVLphPWkm8i9Y0/3YdHjHKHiohOJ1ws+3OccDWtH+PoC9DZD5WOTrJvNbWvjS6JWaA==",
        "engines": {
          "node": ">=10.0.0"
        },
        "peerDependencies": {
          "bufferutil": "^4.0.1",
          "utf-8-validate": "^5.0.2"
        },
        "peerDependenciesMeta": {
          "bufferutil": {
            "optional": true
          },
          "utf-8-validate": {
            "optional": true
          }
        }
      },
      "node_modules/engine.io-parser": {
        "version": "5.0.4",
        "resolved": "https://registry.npmjs.org/engine.io-parser/-/engine.io-parser-5.0.4.tgz",
        "integrity": "sha512-+nVFp+5z1E3HcToEnO7ZIj3g+3k9389DvWtvJZz0T6/eOCPIyyxehFcedoYrZQrp0LgQbD9pPXhpMBKMd5QURg==",
        "engines": {
          "node": ">=10.0.0"
        }
      },
      "node_modules/google-protobuf": {
        "version": "3.21.0",
        "resolved": "https://registry.npmjs.org/google-protobuf/-/google-protobuf-3.21.0.tgz",
        "integrity": "sha512-byR7MBTK4tZ5PZEb+u5ZTzpt4SfrTxv5682MjPlHN16XeqgZE2/8HOIWeiXe8JKnT9OVbtBGhbq8mtvkK8cd5g=="
      },
      "node_modules/moment": {
        "version": "2.29.4",
        "resolved": "https://registry.npmjs.org/moment/-/moment-2.29.4.tgz",
        "integrity": "sha512-5LC9SOxjSc2HF6vO2CyuTDNivEdoz2IvyJJGj6X8DJ0eFyfszE0QiEd+iXmBvUP3WHxSjFH/vIsA0EN00cgr8w==",
        "engines": {
          "node": "*"
        }
      },
      "node_modules/ms": {
        "version": "2.1.2",
        "resolved": "https://registry.npmjs.org/ms/-/ms-2.1.2.tgz",
        "integrity": "sha512-sGkPx+VjMtmA6MX27oA4FBFELFCZZ4S4XqeGOXCv68tT+jb3vk/RyaKWP0PTKyWtmLSM0b+adUTEvbs1PEaH2w=="
      },
      "node_modules/nanoassert": {
        "version": "2.0.0",
        "resolved": "https://registry.npmjs.org/nanoassert/-/nanoassert-2.0.0.tgz",
        "integrity": "sha512-7vO7n28+aYO4J+8w96AzhmU8G+Y/xpPDJz/se19ICsqj/momRbb9mh9ZUtkoJ5X3nTnPdhEJyc0qnM6yAsHBaA=="
      },
      "node_modules/paseto": {
        "version": "3.1.1",
        "resolved": "https://registry.npmjs.org/paseto/-/paseto-3.1.1.tgz",
        "integrity": "sha512-pZmPoGPsR9dBdaKhyKeRLNdvdDbpFA/1Ku/3LuQaY/ssPE4fzSRuNz2+qoSRaIB/mDcbWyzZKjV8ook6AzlsSg==",
        "engines": {
          "node": ">=16.0.0"
        },
        "funding": {
          "url": "https://github.com/sponsors/panva"
        }
      },
      "node_modules/replidentity": {
        "version": "0.0.1",
        "resolved": "https://registry.npmjs.org/replidentity/-/replidentity-0.0.1.tgz",
        "integrity": "sha512-52n1QvYflDgrNZ2Cj+4mZOYjOIbJd9tEKAbZlPwT5x8TQH87kVxG1rBYayx2YQWQXOtB7OTq4MP24EvmB5v+iA==",
        "dependencies": {
          "blake2b": "^2.1.4",
          "google-protobuf": "^3.20.1",
          "moment": "^2.29.4",
          "paseto": "^3.1.0",
          "tslib": "^2.4.0"
        }
      },
      "node_modules/socket.io-client": {
        "version": "4.5.2",
        "resolved": "https://registry.npmjs.org/socket.io-client/-/socket.io-client-4.5.2.tgz",
        "integrity": "sha512-naqYfFu7CLDiQ1B7AlLhRXKX3gdeaIMfgigwavDzgJoIUYulc1qHH5+2XflTsXTPY7BlPH5rppJyUjhjrKQKLg==",
        "dependencies": {
          "@socket.io/component-emitter": "~3.1.0",
          "debug": "~4.3.2",
          "engine.io-client": "~6.2.1",
          "socket.io-parser": "~4.2.0"
        },
        "engines": {
          "node": ">=10.0.0"
        }
      },
      "node_modules/socket.io-parser": {
        "version": "4.2.1",
        "resolved": "https://registry.npmjs.org/socket.io-parser/-/socket.io-parser-4.2.1.tgz",
        "integrity": "sha512-V4GrkLy+HeF1F/en3SpUaM+7XxYXpuMUWLGde1kSSh5nQMN4hLrbPIkD+otwh6q9R6NOQBN4AMaOZ2zVjui82g==",
        "dependencies": {
          "@socket.io/component-emitter": "~3.1.0",
          "debug": "~4.3.1"
        },
        "engines": {
          "node": ">=10.0.0"
        }
      },
      "node_modules/tslib": {
        "version": "2.4.0",
        "resolved": "https://registry.npmjs.org/tslib/-/tslib-2.4.0.tgz",
        "integrity": "sha512-d6xOpEDfsi2CZVlPQzGeux8XMwLT9hssAsaPYExaQMuYskwb+x1x7J371tWlbBdWHroy99KnVB6qIkUbs5X3UQ=="
      },
      "node_modules/xmlhttprequest-ssl": {
        "version": "2.0.0",
        "resolved": "https://registry.npmjs.org/xmlhttprequest-ssl/-/xmlhttprequest-ssl-2.0.0.tgz",
        "integrity": "sha512-QKxVRxiRACQcVuQEYFsI1hhkrMlrXHPegbbd1yn9UHOmRxY+si12nQYzri3vbzt8VdTTRviqcKxcyllFas5z2A==",
        "engines": {
          "node": ">=0.4.0"
        }
      }
    },
    "dependencies": {
      "@socket.io/component-emitter": {
        "version": "3.1.0",
        "resolved": "https://registry.npmjs.org/@socket.io/component-emitter/-/component-emitter-3.1.0.tgz",
        "integrity": "sha512-+9jVqKhRSpsc591z5vX+X5Yyw+he/HCB4iQ/RYxw35CEPaY1gnsNE43nf9n9AaYjAQrTiI/mOwKUKdUs9vf7Xg=="
      },
      "b4a": {
        "version": "1.6.0",
        "resolved": "https://registry.npmjs.org/b4a/-/b4a-1.6.0.tgz",
        "integrity": "sha512-fsTxXxj1081Yq5MOQ06gZ5+e2QcSyP2U6NofdOWyq+lrNI4IjkZ+fLVmoQ6uUCiNg1NWePMMVq93vOTdbJmErw=="
      },
      "blake2b": {
        "version": "2.1.4",
        "resolved": "https://registry.npmjs.org/blake2b/-/blake2b-2.1.4.tgz",
        "integrity": "sha512-AyBuuJNI64gIvwx13qiICz6H6hpmjvYS5DGkG6jbXMOT8Z3WUJ3V1X0FlhIoT1b/5JtHE3ki+xjtMvu1nn+t9A==",
        "requires": {
          "blake2b-wasm": "^2.4.0",
          "nanoassert": "^2.0.0"
        }
      },
      "blake2b-wasm": {
        "version": "2.4.0",
        "resolved": "https://registry.npmjs.org/blake2b-wasm/-/blake2b-wasm-2.4.0.tgz",
        "integrity": "sha512-S1kwmW2ZhZFFFOghcx73+ZajEfKBqhP82JMssxtLVMxlaPea1p9uoLiUZ5WYyHn0KddwbLc+0vh4wR0KBNoT5w==",
        "requires": {
          "b4a": "^1.0.1",
          "nanoassert": "^2.0.0"
        }
      },
      "debug": {
        "version": "4.3.4",
        "resolved": "https://registry.npmjs.org/debug/-/debug-4.3.4.tgz",
        "integrity": "sha512-PRWFHuSU3eDtQJPvnNY7Jcket1j0t5OuOsFzPPzsekD52Zl8qUfFIPEiswXqIvHWGVHOgX+7G/vCNNhehwxfkQ==",
        "requires": {
          "ms": "2.1.2"
        }
      },
      "engine.io-client": {
        "version": "6.2.2",
        "resolved": "https://registry.npmjs.org/engine.io-client/-/engine.io-client-6.2.2.tgz",
        "integrity": "sha512-8ZQmx0LQGRTYkHuogVZuGSpDqYZtCM/nv8zQ68VZ+JkOpazJ7ICdsSpaO6iXwvaU30oFg5QJOJWj8zWqhbKjkQ==",
        "requires": {
          "@socket.io/component-emitter": "~3.1.0",
          "debug": "~4.3.1",
          "engine.io-parser": "~5.0.3",
          "ws": "~8.2.3",
          "xmlhttprequest-ssl": "~2.0.0"
        },
        "dependencies": {
          "ws": {
            "version": "8.2.3",
            "resolved": "https://registry.npmjs.org/ws/-/ws-8.2.3.tgz",
            "integrity": "sha512-wBuoj1BDpC6ZQ1B7DWQBYVLphPWkm8i9Y0/3YdHjHKHiohOJ1ws+3OccDWtH+PoC9DZD5WOTrJvNbWvjS6JWaA==",
            "requires": {}
          }
        }
      },
      "engine.io-parser": {
        "version": "5.0.4",
        "resolved": "https://registry.npmjs.org/engine.io-parser/-/engine.io-parser-5.0.4.tgz",
        "integrity": "sha512-+nVFp+5z1E3HcToEnO7ZIj3g+3k9389DvWtvJZz0T6/eOCPIyyxehFcedoYrZQrp0LgQbD9pPXhpMBKMd5QURg=="
      },
      "google-protobuf": {
        "version": "3.21.0",
        "resolved": "https://registry.npmjs.org/google-protobuf/-/google-protobuf-3.21.0.tgz",
        "integrity": "sha512-byR7MBTK4tZ5PZEb+u5ZTzpt4SfrTxv5682MjPlHN16XeqgZE2/8HOIWeiXe8JKnT9OVbtBGhbq8mtvkK8cd5g=="
      },
      "moment": {
        "version": "2.29.4",
        "resolved": "https://registry.npmjs.org/moment/-/moment-2.29.4.tgz",
        "integrity": "sha512-5LC9SOxjSc2HF6vO2CyuTDNivEdoz2IvyJJGj6X8DJ0eFyfszE0QiEd+iXmBvUP3WHxSjFH/vIsA0EN00cgr8w=="
      },
      "ms": {
        "version": "2.1.2",
        "resolved": "https://registry.npmjs.org/ms/-/ms-2.1.2.tgz",
        "integrity": "sha512-sGkPx+VjMtmA6MX27oA4FBFELFCZZ4S4XqeGOXCv68tT+jb3vk/RyaKWP0PTKyWtmLSM0b+adUTEvbs1PEaH2w=="
      },
      "nanoassert": {
        "version": "2.0.0",
        "resolved": "https://registry.npmjs.org/nanoassert/-/nanoassert-2.0.0.tgz",
        "integrity": "sha512-7vO7n28+aYO4J+8w96AzhmU8G+Y/xpPDJz/se19ICsqj/momRbb9mh9ZUtkoJ5X3nTnPdhEJyc0qnM6yAsHBaA=="
      },
      "paseto": {
        "version": "3.1.1",
        "resolved": "https://registry.npmjs.org/paseto/-/paseto-3.1.1.tgz",
        "integrity": "sha512-pZmPoGPsR9dBdaKhyKeRLNdvdDbpFA/1Ku/3LuQaY/ssPE4fzSRuNz2+qoSRaIB/mDcbWyzZKjV8ook6AzlsSg=="
      },
      "replidentity": {
        "version": "0.0.1",
        "resolved": "https://registry.npmjs.org/replidentity/-/replidentity-0.0.1.tgz",
        "integrity": "sha512-52n1QvYflDgrNZ2Cj+4mZOYjOIbJd9tEKAbZlPwT5x8TQH87kVxG1rBYayx2YQWQXOtB7OTq4MP24EvmB5v+iA==",
        "requires": {
          "blake2b": "^2.1.4",
          "google-protobuf": "^3.20.1",
          "moment": "^2.29.4",
          "paseto": "^3.1.0",
          "tslib": "^2.4.0"
        }
      },
      "socket.io-client": {
        "version": "4.5.2",
        "resolved": "https://registry.npmjs.org/socket.io-client/-/socket.io-client-4.5.2.tgz",
        "integrity": "sha512-naqYfFu7CLDiQ1B7AlLhRXKX3gdeaIMfgigwavDzgJoIUYulc1qHH5+2XflTsXTPY7BlPH5rppJyUjhjrKQKLg==",
        "requires": {
          "@socket.io/component-emitter": "~3.1.0",
          "debug": "~4.3.2",
          "engine.io-client": "~6.2.1",
          "socket.io-parser": "~4.2.0"
        }
      },
      "socket.io-parser": {
        "version": "4.2.1",
        "resolved": "https://registry.npmjs.org/socket.io-parser/-/socket.io-parser-4.2.1.tgz",
        "integrity": "sha512-V4GrkLy+HeF1F/en3SpUaM+7XxYXpuMUWLGde1kSSh5nQMN4hLrbPIkD+otwh6q9R6NOQBN4AMaOZ2zVjui82g==",
        "requires": {
          "@socket.io/component-emitter": "~3.1.0",
          "debug": "~4.3.1"
        }
      },
      "tslib": {
        "version": "2.4.0",
        "resolved": "https://registry.npmjs.org/tslib/-/tslib-2.4.0.tgz",
        "integrity": "sha512-d6xOpEDfsi2CZVlPQzGeux8XMwLT9hssAsaPYExaQMuYskwb+x1x7J371tWlbBdWHroy99KnVB6qIkUbs5X3UQ=="
      },
      "xmlhttprequest-ssl": {
        "version": "2.0.0",
        "resolved": "https://registry.npmjs.org/xmlhttprequest-ssl/-/xmlhttprequest-ssl-2.0.0.tgz",
        "integrity": "sha512-QKxVRxiRACQcVuQEYFsI1hhkrMlrXHPegbbd1yn9UHOmRxY+si12nQYzri3vbzt8VdTTRviqcKxcyllFas5z2A=="
      }
    }
  }
  